
Microsoft Visual Studio Solution File, Format Version 12.00
# Visual Studio 15
VisualStudioVersion = 15.0.28010.2003
MinimumVisualStudioVersion = 10.0.40219.1
Project("{8BC9CEB8-8B4A-11D0-8D11-00A0C91BC942}") = "hellokaleb", "hellokaleb\hellokaleb.vcxproj", "{D7616F2C-7569-4FED-9441-CAC62C309A7A}"
EndProject
Global
	GlobalSection(SolutionConfigurationPlatforms) = preSolution
		Debug|x64 = Debug|x64
		Debug|x86 = Debug|x86
		Release|x64 = Release|x64
		Release|x86 = Release|x86
	EndGlobalSection
	GlobalSection(ProjectConfigurationPlatforms) = postSolution
		{D7616F2C-7569-4FED-9441-CAC62C309A7A}.Debug|x64.ActiveCfg = Debug|x64
		{D7616F2C-7569-4FED-9441-CAC62C309A7A}.Debug|x64.Build.0 = Debug|x64
		{D7616F2C-7569-4FED-9441-CAC62C309A7A}.Debug|x86.ActiveCfg = Debug|Win32
		{D7616F2C-7569-4FED-9441-CAC62C309A7A}.Debug|x86.Build.0 = Debug|Win32
		{D7616F2C-7569-4FED-9441-CAC62C309A7A}.Release|x64.ActiveCfg = Release|x64
		{D7616F2C-7569-4FED-9441-CAC62C309A7A}.Release|x64.Build.0 = Release|x64
		{D7616F2C-7569-4FED-9441-CAC62C309A7A}.Release|x86.ActiveCfg = Release|Win32
		{D7616F2C-7569-4FED-9441-CAC62C309A7A}.Release|x86.Build.0 = Release|Win32
	EndGlobalSection
	GlobalSection(SolutionProperties) = preSolution
		HideSolutionNode = FALSE
	EndGlobalSection
	GlobalSection(ExtensibilityGlobals) = postSolution
		SolutionGuid = {699A2700-C36E-46B7-B87F-C8A0549EEB31}
	EndGlobalSection
EndGlobal
